
Microsoft Visual Studio Solution File, Format Version 12.00
# Visual Studio Version 17
VisualStudioVersion = 17.1.32210.238
MinimumVisualStudioVersion = 10.0.40219.1
Project("{FAE04EC0-301F-11D3-BF4B-00C04F79EFBC}") = "S4-BmBackend", "S4-BmBackend\S4-BmBackend.csproj", "{A7E035A5-6D18-4F41-8515-BCFE9C568A0C}"
EndProject
Global
	GlobalSection(SolutionConfigurationPlatforms) = preSolution
		Debug|Any CPU = Debug|Any CPU
		Release|Any CPU = Release|Any CPU
	EndGlobalSection
	GlobalSection(ProjectConfigurationPlatforms) = postSolution
		{A7E035A5-6D18-4F41-8515-BCFE9C568A0C}.Debug|Any CPU.ActiveCfg = Debug|Any CPU
		{A7E035A5-6D18-4F41-8515-BCFE9C568A0C}.Debug|Any CPU.Build.0 = Debug|Any CPU
		{A7E035A5-6D18-4F41-8515-BCFE9C568A0C}.Release|Any CPU.ActiveCfg = Release|Any CPU
		{A7E035A5-6D18-4F41-8515-BCFE9C568A0C}.Release|Any CPU.Build.0 = Release|Any CPU
	EndGlobalSection
	GlobalSection(SolutionProperties) = preSolution
		HideSolutionNode = FALSE
	EndGlobalSection
	GlobalSection(ExtensibilityGlobals) = postSolution
		SolutionGuid = {4EB387DC-589C-44D7-BABE-5206C8F9206A}
	EndGlobalSection
EndGlobal
